// !$*UTF8*$!
{
	archiveVersion = 1;
	classes = {
	};
	objectVersion = 46;
	objects = {

/* Begin PBXBuildFile section */
		B952F2C11CF3D5CE00F675F7 /* AppDelegate.swift in Sources */ = {isa = PBXBuildFile; fileRef = B952F2C01CF3D5CE00F675F7 /* AppDelegate.swift */; };
		B952F2C31CF3D5CE00F675F7 /* ViewController.swift in Sources */ = {isa = PBXBuildFile; fileRef = B952F2C21CF3D5CE00F675F7 /* ViewController.swift */; };
		B952F2C61CF3D5CE00F675F7 /* Main.storyboard in Resources */ = {isa = PBXBuildFile; fileRef = B952F2C41CF3D5CE00F675F7 /* Main.storyboard */; };
		B952F2C81CF3D5CE00F675F7 /* Assets.xcassets in Resources */ = {isa = PBXBuildFile; fileRef = B952F2C71CF3D5CE00F675F7 /* Assets.xcassets */; };
		B952F2CB1CF3D5CE00F675F7 /* LaunchScreen.storyboard in Resources */ = {isa = PBXBuildFile; fileRef = B952F2C91CF3D5CE00F675F7 /* LaunchScreen.storyboard */; };
		B952F2D61CF3D5CE00F675F7 /* ilinkTests.swift in Sources */ = {isa = PBXBuildFile; fileRef = B952F2D51CF3D5CE00F675F7 /* ilinkTests.swift */; };
		B952F2E11CF3D5CE00F675F7 /* ilinkUITests.swift in Sources */ = {isa = PBXBuildFile; fileRef = B952F2E01CF3D5CE00F675F7 /* ilinkUITests.swift */; };
/* End PBXBuildFile section */

/* Begin PBXContainerItemProxy section */
		B952F2D21CF3D5CE00F675F7 /* PBXContainerItemProxy */ = {
			isa = PBXContainerItemProxy;
			containerPortal = B952F2B51CF3D5CD00F675F7 /* Project object */;
			proxyType = 1;
			remoteGlobalIDString = B952F2BC1CF3D5CD00F675F7;
			remoteInfo = ilink;
		};
		B952F2DD1CF3D5CE00F675F7 /* PBXContainerItemProxy */ = {
			isa = PBXContainerItemProxy;
			containerPortal = B952F2B51CF3D5CD00F675F7 /* Project object */;
			proxyType = 1;
			remoteGlobalIDString = B952F2BC1CF3D5CD00F675F7;
			remoteInfo = ilink;
		};
/* End PBXContainerItemProxy section */

/* Begin PBXFileReference section */
		B952F2BD1CF3D5CD00F675F7 /* ilink.app */ = {isa = PBXFileReference; explicitFileType = wrapper.application; includeInIndex = 0; path = ilink.app; sourceTree = BUILT_PRODUCTS_DIR; };
		B952F2C01CF3D5CE00F675F7 /* AppDelegate.swift */ = {isa = PBXFileReference; lastKnownFileType = sourcecode.swift; path = AppDelegate.swift; sourceTree = "<group>"; };
		B952F2C21CF3D5CE00F675F7 /* ViewController.swift */ = {isa = PBXFileReference; lastKnownFileType = sourcecode.swift; path = ViewController.swift; sourceTree = "<group>"; };
		B952F2C51CF3D5CE00F675F7 /* Base */ = {isa = PBXFileReference; lastKnownFileType = file.storyboard; name = Base; path = Base.lproj/Main.storyboard; sourceTree = "<group>"; };
		B952F2C71CF3D5CE00F675F7 /* Assets.xcassets */ = {isa = PBXFileReference; lastKnownFileType = folder.assetcatalog; path = Assets.xcassets; sourceTree = "<group>"; };
		B952F2CA1CF3D5CE00F675F7 /* Base */ = {isa = PBXFileReference; lastKnownFileType = file.storyboard; name = Base; path = Base.lproj/LaunchScreen.storyboard; sourceTree = "<group>"; };
		B952F2CC1CF3D5CE00F675F7 /* Info.plist */ = {isa = PBXFileReference; lastKnownFileType = text.plist.xml; path = Info.plist; sourceTree = "<group>"; };
		B952F2D11CF3D5CE00F675F7 /* ilinkTests.xctest */ = {isa = PBXFileReference; explicitFileType = wrapper.cfbundle; includeInIndex = 0; path = ilinkTests.xctest; sourceTree = BUILT_PRODUCTS_DIR; };
		B952F2D51CF3D5CE00F675F7 /* ilinkTests.swift */ = {isa = PBXFileReference; lastKnownFileType = sourcecode.swift; path = ilinkTests.swift; sourceTree = "<group>"; };
		B952F2D71CF3D5CE00F675F7 /* Info.plist */ = {isa = PBXFileReference; lastKnownFileType = text.plist.xml; path = Info.plist; sourceTree = "<group>"; };
		B952F2DC1CF3D5CE00F675F7 /* ilinkUITests.xctest */ = {isa = PBXFileReference; explicitFileType = wrapper.cfbundle; includeInIndex = 0; path = ilinkUITests.xctest; sourceTree = BUILT_PRODUCTS_DIR; };
		B952F2E01CF3D5CE00F675F7 /* ilinkUITests.swift */ = {isa = PBXFileReference; lastKnownFileType = sourcecode.swift; path = ilinkUITests.swift; sourceTree = "<group>"; };
		B952F2E21CF3D5CE00F675F7 /* Info.plist */ = {isa = PBXFileReference; lastKnownFileType = text.plist.xml; path = Info.plist; sourceTree = "<group>"; };
/* End PBXFileReference section */

/* Begin PBXFrameworksBuildPhase section */
		B952F2BA1CF3D5CD00F675F7 /* Frameworks */ = {
			isa = PBXFrameworksBuildPhase;
			buildActionMask = 2147483647;
			files = (
			);
			runOnlyForDeploymentPostprocessing = 0;
		};
		B952F2CE1CF3D5CE00F675F7 /* Frameworks */ = {
			isa = PBXFrameworksBuildPhase;
			buildActionMask = 2147483647;
			files = (
			);
			runOnlyForDeploymentPostprocessing = 0;
		};
		B952F2D91CF3D5CE00F675F7 /* Frameworks */ = {
			isa = PBXFrameworksBuildPhase;
			buildActionMask = 2147483647;
			files = (
			);
			runOnlyForDeploymentPostprocessing = 0;
		};
/* End PBXFrameworksBuildPhase section */

/* Begin PBXGroup section */
		B952F2B41CF3D5CD00F675F7 = {
			isa = PBXGroup;
			children = (
				B952F2BF1CF3D5CD00F675F7 /* ilink */,
				B952F2D41CF3D5CE00F675F7 /* ilinkTests */,
				B952F2DF1CF3D5CE00F675F7 /* ilinkUITests */,
				B952F2BE1CF3D5CD00F675F7 /* Products */,
			);
			sourceTree = "<group>";
		};
		B952F2BE1CF3D5CD00F675F7 /* Products */ = {
			isa = PBXGroup;
			children = (
				B952F2BD1CF3D5CD00F675F7 /* ilink.app */,
				B952F2D11CF3D5CE00F675F7 /* ilinkTests.xctest */,
				B952F2DC1CF3D5CE00F675F7 /* ilinkUITests.xctest */,
			);
			name = Products;
			sourceTree = "<group>";
		};
		B952F2BF1CF3D5CD00F675F7 /* ilink */ = {
			isa = PBXGroup;
			children = (
				B952F2C01CF3D5CE00F675F7 /* AppDelegate.swift */,
				B952F2C21CF3D5CE00F675F7 /* ViewController.swift */,
				B952F2C41CF3D5CE00F675F7 /* Main.storyboard */,
				B952F2C71CF3D5CE00F675F7 /* Assets.xcassets */,
				B952F2C91CF3D5CE00F675F7 /* LaunchScreen.storyboard */,
				B952F2CC1CF3D5CE00F675F7 /* Info.plist */,
			);
			path = ilink;
			sourceTree = "<group>";
		};
		B952F2D41CF3D5CE00F675F7 /* ilinkTests */ = {
			isa = PBXGroup;
			children = (
				B952F2D51CF3D5CE00F675F7 /* ilinkTests.swift */,
				B952F2D71CF3D5CE00F675F7 /* Info.plist */,
			);
			path = ilinkTests;
			sourceTree = "<group>";
		};
		B952F2DF1CF3D5CE00F675F7 /* ilinkUITests */ = {
			isa = PBXGroup;
			children = (
				B952F2E01CF3D5CE00F675F7 /* ilinkUITests.swift */,
				B952F2E21CF3D5CE00F675F7 /* Info.plist */,
			);
			path = ilinkUITests;
			sourceTree = "<group>";
		};
/* End PBXGroup section */

/* Begin PBXNativeTarget section */
		B952F2BC1CF3D5CD00F675F7 /* ilink */ = {
			isa = PBXNativeTarget;
			buildConfigurationList = B952F2E51CF3D5CE00F675F7 /* Build configuration list for PBXNativeTarget "ilink" */;
			buildPhases = (
				B952F2B91CF3D5CD00F675F7 /* Sources */,
				B952F2BA1CF3D5CD00F675F7 /* Frameworks */,
				B952F2BB1CF3D5CD00F675F7 /* Resources */,
			);
			buildRules = (
			);
			dependencies = (
			);
			name = ilink;
			productName = ilink;
			productReference = B952F2BD1CF3D5CD00F675F7 /* ilink.app */;
			productType = "com.apple.product-type.application";
		};
		B952F2D01CF3D5CE00F675F7 /* ilinkTests */ = {
			isa = PBXNativeTarget;
			buildConfigurationList = B952F2E81CF3D5CE00F675F7 /* Build configuration list for PBXNativeTarget "ilinkTests" */;
			buildPhases = (
				B952F2CD1CF3D5CE00F675F7 /* Sources */,
				B952F2CE1CF3D5CE00F675F7 /* Frameworks */,
				B952F2CF1CF3D5CE00F675F7 /* Resources */,
			);
			buildRules = (
			);
			dependencies = (
				B952F2D31CF3D5CE00F675F7 /* PBXTargetDependency */,
			);
			name = ilinkTests;
			productName = ilinkTests;
			productReference = B952F2D11CF3D5CE00F675F7 /* ilinkTests.xctest */;
			productType = "com.apple.product-type.bundle.unit-test";
		};
		B952F2DB1CF3D5CE00F675F7 /* ilinkUITests */ = {
			isa = PBXNativeTarget;
			buildConfigurationList = B952F2EB1CF3D5CE00F675F7 /* Build configuration list for PBXNativeTarget "ilinkUITests" */;
			buildPhases = (
				B952F2D81CF3D5CE00F675F7 /* Sources */,
				B952F2D91CF3D5CE00F675F7 /* Frameworks */,
				B952F2DA1CF3D5CE00F675F7 /* Resources */,
			);
			buildRules = (
			);
			dependencies = (
				B952F2DE1CF3D5CE00F675F7 /* PBXTargetDependency */,
			);
			name = ilinkUITests;
			productName = ilinkUITests;
			productReference = B952F2DC1CF3D5CE00F675F7 /* ilinkUITests.xctest */;
			productType = "com.apple.product-type.bundle.ui-testing";
		};
/* End PBXNativeTarget section */

/* Begin PBXProject section */
		B952F2B51CF3D5CD00F675F7 /* Project object */ = {
			isa = PBXProject;
			attributes = {
				LastUpgradeCheck = 0700;
				ORGANIZATIONNAME = "Capp Andy MIGOUMBI AKENDEGUE";
				TargetAttributes = {
					B952F2BC1CF3D5CD00F675F7 = {
						CreatedOnToolsVersion = 7.0;
					};
					B952F2D01CF3D5CE00F675F7 = {
						CreatedOnToolsVersion = 7.0;
						TestTargetID = B952F2BC1CF3D5CD00F675F7;
					};
					B952F2DB1CF3D5CE00F675F7 = {
						CreatedOnToolsVersion = 7.0;
						TestTargetID = B952F2BC1CF3D5CD00F675F7;
					};
				};
			};
			buildConfigurationList = B952F2B81CF3D5CD00F675F7 /* Build configuration list for PBXProject "ilink" */;
			compatibilityVersion = "Xcode 3.2";
			developmentRegion = English;
			hasScannedForEncodings = 0;
			knownRegions = (
				en,
				Base,
			);
			mainGroup = B952F2B41CF3D5CD00F675F7;
			productRefGroup = B952F2BE1CF3D5CD00F675F7 /* Products */;
			projectDirPath = "";
			projectRoot = "";
			targets = (
				B952F2BC1CF3D5CD00F675F7 /* ilink */,
				B952F2D01CF3D5CE00F675F7 /* ilinkTests */,
				B952F2DB1CF3D5CE00F675F7 /* ilinkUITests */,
			);
		};
/* End PBXProject section */

/* Begin PBXResourcesBuildPhase section */
		B952F2BB1CF3D5CD00F675F7 /* Resources */ = {
			isa = PBXResourcesBuildPhase;
			buildActionMask = 2147483647;
			files = (
				B952F2CB1CF3D5CE00F675F7 /* LaunchScreen.storyboard in Resources */,
				B952F2C81CF3D5CE00F675F7 /* Assets.xcassets in Resources */,
				B952F2C61CF3D5CE00F675F7 /* Main.storyboard in Resources */,
			);
			runOnlyForDeploymentPostprocessing = 0;
		};
		B952F2CF1CF3D5CE00F675F7 /* Resources */ = {
			isa = PBXResourcesBuildPhase;
			buildActionMask = 2147483647;
			files = (
			);
			runOnlyForDeploymentPostprocessing = 0;
		};
		B952F2DA1CF3D5CE00F675F7 /* Resources */ = {
			isa = PBXResourcesBuildPhase;
			buildActionMask = 2147483647;
			files = (
			);
			runOnlyForDeploymentPostprocessing = 0;
		};
/* End PBXResourcesBuildPhase section */

/* Begin PBXSourcesBuildPhase section */
		B952F2B91CF3D5CD00F675F7 /* Sources */ = {
			isa = PBXSourcesBuildPhase;
			buildActionMask = 2147483647;
			files = (
				B952F2C31CF3D5CE00F675F7 /* ViewController.swift in Sources */,
				B952F2C11CF3D5CE00F675F7 /* AppDelegate.swift in Sources */,
			);
			runOnlyForDeploymentPostprocessing = 0;
		};
		B952F2CD1CF3D5CE00F675F7 /* Sources */ = {
			isa = PBXSourcesBuildPhase;
			buildActionMask = 2147483647;
			files = (
				B952F2D61CF3D5CE00F675F7 /* ilinkTests.swift in Sources */,
			);
			runOnlyForDeploymentPostprocessing = 0;
		};
		B952F2D81CF3D5CE00F675F7 /* Sources */ = {
			isa = PBXSourcesBuildPhase;
			buildActionMask = 2147483647;
			files = (
				B952F2E11CF3D5CE00F675F7 /* ilinkUITests.swift in Sources */,
			);
			runOnlyForDeploymentPostprocessing = 0;
		};
/* End PBXSourcesBuildPhase section */

/* Begin PBXTargetDependency section */
		B952F2D31CF3D5CE00F675F7 /* PBXTargetDependency */ = {
			isa = PBXTargetDependency;
			target = B952F2BC1CF3D5CD00F675F7 /* ilink */;
			targetProxy = B952F2D21CF3D5CE00F675F7 /* PBXContainerItemProxy */;
		};
		B952F2DE1CF3D5CE00F675F7 /* PBXTargetDependency */ = {
			isa = PBXTargetDependency;
			target = B952F2BC1CF3D5CD00F675F7 /* ilink */;
			targetProxy = B952F2DD1CF3D5CE00F675F7 /* PBXContainerItemProxy */;
		};
/* End PBXTargetDependency section */

/* Begin PBXVariantGroup section */
		B952F2C41CF3D5CE00F675F7 /* Main.storyboard */ = {
			isa = PBXVariantGroup;
			children = (
				B952F2C51CF3D5CE00F675F7 /* Base */,
			);
			name = Main.storyboard;
			sourceTree = "<group>";
		};
		B952F2C91CF3D5CE00F675F7 /* LaunchScreen.storyboard */ = {
			isa = PBXVariantGroup;
			children = (
				B952F2CA1CF3D5CE00F675F7 /* Base */,
			);
			name = LaunchScreen.storyboard;
			sourceTree = "<group>";
		};
/* End PBXVariantGroup section */

/* Begin XCBuildConfiguration section */
		B952F2E31CF3D5CE00F675F7 /* Debug */ = {
			isa = XCBuildConfiguration;
			buildSettings = {
				ALWAYS_SEARCH_USER_PATHS = NO;
				CLANG_CXX_LANGUAGE_STANDARD = "gnu++0x";
				CLANG_CXX_LIBRARY = "libc++";
				CLANG_ENABLE_MODULES = YES;
				CLANG_ENABLE_OBJC_ARC = YES;
				CLANG_WARN_BOOL_CONVERSION = YES;
				CLANG_WARN_CONSTANT_CONVERSION = YES;
				CLANG_WARN_DIRECT_OBJC_ISA_USAGE = YES_ERROR;
				CLANG_WARN_EMPTY_BODY = YES;
				CLANG_WARN_ENUM_CONVERSION = YES;
				CLANG_WARN_INT_CONVERSION = YES;
				CLANG_WARN_OBJC_ROOT_CLASS = YES_ERROR;
				CLANG_WARN_UNREACHABLE_CODE = YES;
				CLANG_WARN__DUPLICATE_METHOD_MATCH = YES;
				"CODE_SIGN_IDENTITY[sdk=iphoneos*]" = "iPhone Developer";
				COPY_PHASE_STRIP = NO;
				DEBUG_INFORMATION_FORMAT = dwarf;
				ENABLE_STRICT_OBJC_MSGSEND = YES;
				ENABLE_TESTABILITY = YES;
				GCC_C_LANGUAGE_STANDARD = gnu99;
				GCC_DYNAMIC_NO_PIC = NO;
				GCC_NO_COMMON_BLOCKS = YES;
				GCC_OPTIMIZATION_LEVEL = 0;
				GCC_PREPROCESSOR_DEFINITIONS = (
					"DEBUG=1",
					"$(inherited)",
				);
				GCC_WARN_64_TO_32_BIT_CONVERSION = YES;
				GCC_WARN_ABOUT_RETURN_TYPE = YES_ERROR;
				GCC_WARN_UNDECLARED_SELECTOR = YES;
				GCC_WARN_UNINITIALIZED_AUTOS = YES_AGGRESSIVE;
				GCC_WARN_UNUSED_FUNCTION = YES;
				GCC_WARN_UNUSED_VARIABLE = YES;
				IPHONEOS_DEPLOYMENT_TARGET = 9.0;
				MTL_ENABLE_DEBUG_INFO = YES;
				ONLY_ACTIVE_ARCH = YES;
				SDKROOT = iphoneos;
				SWIFT_OPTIMIZATION_LEVEL = "-Onone";
				TARGETED_DEVICE_FAMILY = "1,2";
			};
			name = Debug;
		};
		B952F2E41CF3D5CE00F675F7 /* Release */ = {
			isa = XCBuildConfiguration;
			buildSettings = {
				ALWAYS_SEARCH_USER_PATHS = NO;
				CLANG_CXX_LANGUAGE_STANDARD = "gnu++0x";
				CLANG_CXX_LIBRARY = "libc++";
				CLANG_ENABLE_MODULES = YES;
				CLANG_ENABLE_OBJC_ARC = YES;
				CLANG_WARN_BOOL_CONVERSION = YES;
				CLANG_WARN_CONSTANT_CONVERSION = YES;
				CLANG_WARN_DIRECT_OBJC_ISA_USAGE = YES_ERROR;
				CLANG_WARN_EMPTY_BODY = YES;
				CLANG_WARN_ENUM_CONVERSION = YES;
				CLANG_WARN_INT_CONVERSION = YES;
				CLANG_WARN_OBJC_ROOT_CLASS = YES_ERROR;
				CLANG_WARN_UNREACHABLE_CODE = YES;
				CLANG_WARN__DUPLICATE_METHOD_MATCH = YES;
				"CODE_SIGN_IDENTITY[sdk=iphoneos*]" = "iPhone Developer";
				COPY_PHASE_STRIP = NO;
				DEBUG_INFORMATION_FORMAT = "dwarf-with-dsym";
				ENABLE_NS_ASSERTIONS = NO;
				ENABLE_STRICT_OBJC_MSGSEND = YES;
				GCC_C_LANGUAGE_STANDARD = gnu99;
				GCC_NO_COMMON_BLOCKS = YES;
				GCC_WARN_64_TO_32_BIT_CONVERSION = YES;
				GCC_WARN_ABOUT_RETURN_TYPE = YES_ERROR;
				GCC_WARN_UNDECLARED_SELECTOR = YES;
				GCC_WARN_UNINITIALIZED_AUTOS = YES_AGGRESSIVE;
				GCC_WARN_UNUSED_FUNCTION = YES;
				GCC_WARN_UNUSED_VARIABLE = YES;
				IPHONEOS_DEPLOYMENT_TARGET = 9.0;
				MTL_ENABLE_DEBUG_INFO = NO;
				SDKROOT = iphoneos;
				TARGETED_DEVICE_FAMILY = "1,2";
				VALIDATE_PRODUCT = YES;
			};
			name = Release;
		};
		B952F2E61CF3D5CE00F675F7 /* Debug */ = {
			isa = XCBuildConfiguration;
			buildSettings = {
				ASSETCATALOG_COMPILER_APPICON_NAME = AppIcon;
				INFOPLIST_FILE = ilink/Info.plist;
				LD_RUNPATH_SEARCH_PATHS = "$(inherited) @executable_path/Frameworks";
				PRODUCT_BUNDLE_IDENTIFIER = com.ilink;
				PRODUCT_NAME = "$(TARGET_NAME)";
			};
			name = Debug;
		};
		B952F2E71CF3D5CE00F675F7 /* Release */ = {
			isa = XCBuildConfiguration;
			buildSettings = {
				ASSETCATALOG_COMPILER_APPICON_NAME = AppIcon;
				INFOPLIST_FILE = ilink/Info.plist;
				LD_RUNPATH_SEARCH_PATHS = "$(inherited) @executable_path/Frameworks";
				PRODUCT_BUNDLE_IDENTIFIER = com.ilink;
				PRODUCT_NAME = "$(TARGET_NAME)";
			};
			name = Release;
		};
		B952F2E91CF3D5CE00F675F7 /* Debug */ = {
			isa = XCBuildConfiguration;
			buildSettings = {
				BUNDLE_LOADER = "$(TEST_HOST)";
				INFOPLIST_FILE = ilinkTests/Info.plist;
				LD_RUNPATH_SEARCH_PATHS = "$(inherited) @executable_path/Frameworks @loader_path/Frameworks";
				PRODUCT_BUNDLE_IDENTIFIER = com.ilinkTests;
				PRODUCT_NAME = "$(TARGET_NAME)";
				TEST_HOST = "$(BUILT_PRODUCTS_DIR)/ilink.app/ilink";
			};
			name = Debug;
		};
		B952F2EA1CF3D5CE00F675F7 /* Release */ = {
			isa = XCBuildConfiguration;
			buildSettings = {
				BUNDLE_LOADER = "$(TEST_HOST)";
				INFOPLIST_FILE = ilinkTests/Info.plist;
				LD_RUNPATH_SEARCH_PATHS = "$(inherited) @executable_path/Frameworks @loader_path/Frameworks";
				PRODUCT_BUNDLE_IDENTIFIER = com.ilinkTests;
				PRODUCT_NAME = "$(TARGET_NAME)";
				TEST_HOST = "$(BUILT_PRODUCTS_DIR)/ilink.app/ilink";
			};
			name = Release;
		};
		B952F2EC1CF3D5CE00F675F7 /* Debug */ = {
			isa = XCBuildConfiguration;
			buildSettings = {
				INFOPLIST_FILE = ilinkUITests/Info.plist;
				LD_RUNPATH_SEARCH_PATHS = "$(inherited) @executable_path/Frameworks @loader_path/Frameworks";
				PRODUCT_BUNDLE_IDENTIFIER = com.ilinkUITests;
				PRODUCT_NAME = "$(TARGET_NAME)";
				TEST_TARGET_NAME = ilink;
				USES_XCTRUNNER = YES;
			};
			name = Debug;
		};
		B952F2ED1CF3D5CE00F675F7 /* Release */ = {
			isa = XCBuildConfiguration;
			buildSettings = {
				INFOPLIST_FILE = ilinkUITests/Info.plist;
				LD_RUNPATH_SEARCH_PATHS = "$(inherited) @executable_path/Frameworks @loader_path/Frameworks";
				PRODUCT_BUNDLE_IDENTIFIER = com.ilinkUITests;
				PRODUCT_NAME = "$(TARGET_NAME)";
				TEST_TARGET_NAME = ilink;
				USES_XCTRUNNER = YES;
			};
			name = Release;
		};
/* End XCBuildConfiguration section */

/* Begin XCConfigurationList section */
		B952F2B81CF3D5CD00F675F7 /* Build configuration list for PBXProject "ilink" */ = {
			isa = XCConfigurationList;
			buildConfigurations = (
				B952F2E31CF3D5CE00F675F7 /* Debug */,
				B952F2E41CF3D5CE00F675F7 /* Release */,
			);
			defaultConfigurationIsVisible = 0;
			defaultConfigurationName = Release;
		};
		B952F2E51CF3D5CE00F675F7 /* Build configuration list for PBXNativeTarget "ilink" */ = {
			isa = XCConfigurationList;
			buildConfigurations = (
				B952F2E61CF3D5CE00F675F7 /* Debug */,
				B952F2E71CF3D5CE00F675F7 /* Release */,
			);
			defaultConfigurationIsVisible = 0;
		};
		B952F2E81CF3D5CE00F675F7 /* Build configuration list for PBXNativeTarget "ilinkTests" */ = {
			isa = XCConfigurationList;
			buildConfigurations = (
				B952F2E91CF3D5CE00F675F7 /* Debug */,
				B952F2EA1CF3D5CE00F675F7 /* Release */,
			);
			defaultConfigurationIsVisible = 0;
		};
		B952F2EB1CF3D5CE00F675F7 /* Build configuration list for PBXNativeTarget "ilinkUITests" */ = {
			isa = XCConfigurationList;
			buildConfigurations = (
				B952F2EC1CF3D5CE00F675F7 /* Debug */,
				B952F2ED1CF3D5CE00F675F7 /* Release */,
			);
			defaultConfigurationIsVisible = 0;
		};
/* End XCConfigurationList section */
	};
	rootObject = B952F2B51CF3D5CD00F675F7 /* Project object */;
}
